// !$*UTF8*$!
{
	archiveVersion = 1;
	classes = {
	};
	objectVersion = 51;
	objects = {

/* Begin PBXBuildFile section */
		18ABFFE72E8854D7D84ECA12 /* Pods_SoccerNoteAppTests.framework in Frameworks */ = {isa = PBXBuildFile; fileRef = BF3D223E0E2FB07140786953 /* Pods_SoccerNoteAppTests.framework */; };
		5D14B371255659FA002CA3D4 /* GameManagementViewController.swift in Sources */ = {isa = PBXBuildFile; fileRef = 5D14B370255659FA002CA3D4 /* GameManagementViewController.swift */; };
		5D14B37625565ADB002CA3D4 /* GameManagementTableViewCell.swift in Sources */ = {isa = PBXBuildFile; fileRef = 5D14B37525565ADB002CA3D4 /* GameManagementTableViewCell.swift */; };
		5D18C04525691DDA00FE56AF /* GameManagementTableViewCell.xib in Resources */ = {isa = PBXBuildFile; fileRef = 5D18C04425691DDA00FE56AF /* GameManagementTableViewCell.xib */; };
		5DA8B4032579590A00E02818 /* GameEditViewController.swift in Sources */ = {isa = PBXBuildFile; fileRef = 5DA8B4022579590A00E02818 /* GameEditViewController.swift */; };
		5DAC50D3253DF01400F788BA /* AppDelegate.swift in Sources */ = {isa = PBXBuildFile; fileRef = 5DAC50D2253DF01400F788BA /* AppDelegate.swift */; };
		5DAC50D5253DF01400F788BA /* SceneDelegate.swift in Sources */ = {isa = PBXBuildFile; fileRef = 5DAC50D4253DF01400F788BA /* SceneDelegate.swift */; };
		5DAC50D7253DF01400F788BA /* ViewController.swift in Sources */ = {isa = PBXBuildFile; fileRef = 5DAC50D6253DF01400F788BA /* ViewController.swift */; };
		5DAC50DA253DF01400F788BA /* Main.storyboard in Resources */ = {isa = PBXBuildFile; fileRef = 5DAC50D8253DF01400F788BA /* Main.storyboard */; };
		5DAC50DC253DF01600F788BA /* Assets.xcassets in Resources */ = {isa = PBXBuildFile; fileRef = 5DAC50DB253DF01600F788BA /* Assets.xcassets */; };
		5DAC50DF253DF01600F788BA /* LaunchScreen.storyboard in Resources */ = {isa = PBXBuildFile; fileRef = 5DAC50DD253DF01600F788BA /* LaunchScreen.storyboard */; };
		5DAC50EA253DF01600F788BA /* SoccerNoteAppTests.swift in Sources */ = {isa = PBXBuildFile; fileRef = 5DAC50E9253DF01600F788BA /* SoccerNoteAppTests.swift */; };
		5DAC50F5253DF01600F788BA /* SoccerNoteAppUITests.swift in Sources */ = {isa = PBXBuildFile; fileRef = 5DAC50F4253DF01600F788BA /* SoccerNoteAppUITests.swift */; };
		5DEB73B6255FA1A900FD06E3 /* GameRegisterViewController.swift in Sources */ = {isa = PBXBuildFile; fileRef = 5DEB73B5255FA1A900FD06E3 /* GameRegisterViewController.swift */; };
		88B4CD97EF5C5CA0733D80D3 /* Pods_SoccerNoteApp.framework in Frameworks */ = {isa = PBXBuildFile; fileRef = EB1D48FC99ECD2AD6F3E59D0 /* Pods_SoccerNoteApp.framework */; };
		D4A1AB5059EFDED3C1CD37D2 /* Pods_SoccerNoteApp_SoccerNoteAppUITests.framework in Frameworks */ = {isa = PBXBuildFile; fileRef = 492B97FBBAFC7EFFC420BBA4 /* Pods_SoccerNoteApp_SoccerNoteAppUITests.framework */; };
/* End PBXBuildFile section */

/* Begin PBXContainerItemProxy section */
		5DAC50E6253DF01600F788BA /* PBXContainerItemProxy */ = {
			isa = PBXContainerItemProxy;
			containerPortal = 5DAC50C7253DF01400F788BA /* Project object */;
			proxyType = 1;
			remoteGlobalIDString = 5DAC50CE253DF01400F788BA;
			remoteInfo = SoccerNoteApp;
		};
		5DAC50F1253DF01600F788BA /* PBXContainerItemProxy */ = {
			isa = PBXContainerItemProxy;
			containerPortal = 5DAC50C7253DF01400F788BA /* Project object */;
			proxyType = 1;
			remoteGlobalIDString = 5DAC50CE253DF01400F788BA;
			remoteInfo = SoccerNoteApp;
		};
/* End PBXContainerItemProxy section */

/* Begin PBXFileReference section */
		115F135CA71328672A592ED8 /* Pods-SoccerNoteAppTests.debug.xcconfig */ = {isa = PBXFileReference; includeInIndex = 1; lastKnownFileType = text.xcconfig; name = "Pods-SoccerNoteAppTests.debug.xcconfig"; path = "Target Support Files/Pods-SoccerNoteAppTests/Pods-SoccerNoteAppTests.debug.xcconfig"; sourceTree = "<group>"; };
		492B97FBBAFC7EFFC420BBA4 /* Pods_SoccerNoteApp_SoccerNoteAppUITests.framework */ = {isa = PBXFileReference; explicitFileType = wrapper.framework; includeInIndex = 0; path = Pods_SoccerNoteApp_SoccerNoteAppUITests.framework; sourceTree = BUILT_PRODUCTS_DIR; };
		5269FAAE9731CADC327C1A6E /* Pods-SoccerNoteApp-SoccerNoteAppUITests.debug.xcconfig */ = {isa = PBXFileReference; includeInIndex = 1; lastKnownFileType = text.xcconfig; name = "Pods-SoccerNoteApp-SoccerNoteAppUITests.debug.xcconfig"; path = "Target Support Files/Pods-SoccerNoteApp-SoccerNoteAppUITests/Pods-SoccerNoteApp-SoccerNoteAppUITests.debug.xcconfig"; sourceTree = "<group>"; };
		5D14B370255659FA002CA3D4 /* GameManagementViewController.swift */ = {isa = PBXFileReference; lastKnownFileType = sourcecode.swift; path = GameManagementViewController.swift; sourceTree = "<group>"; };
		5D14B37525565ADB002CA3D4 /* GameManagementTableViewCell.swift */ = {isa = PBXFileReference; lastKnownFileType = sourcecode.swift; path = GameManagementTableViewCell.swift; sourceTree = "<group>"; };
		5D18C04425691DDA00FE56AF /* GameManagementTableViewCell.xib */ = {isa = PBXFileReference; lastKnownFileType = file.xib; path = GameManagementTableViewCell.xib; sourceTree = "<group>"; };
		5DA8B4022579590A00E02818 /* GameEditViewController.swift */ = {isa = PBXFileReference; lastKnownFileType = sourcecode.swift; path = GameEditViewController.swift; sourceTree = "<group>"; };
		5DAC50CF253DF01400F788BA /* SoccerNoteApp.app */ = {isa = PBXFileReference; explicitFileType = wrapper.application; includeInIndex = 0; path = SoccerNoteApp.app; sourceTree = BUILT_PRODUCTS_DIR; };
		5DAC50D2253DF01400F788BA /* AppDelegate.swift */ = {isa = PBXFileReference; lastKnownFileType = sourcecode.swift; path = AppDelegate.swift; sourceTree = "<group>"; };
		5DAC50D4253DF01400F788BA /* SceneDelegate.swift */ = {isa = PBXFileReference; lastKnownFileType = sourcecode.swift; path = SceneDelegate.swift; sourceTree = "<group>"; };
		5DAC50D6253DF01400F788BA /* ViewController.swift */ = {isa = PBXFileReference; lastKnownFileType = sourcecode.swift; path = ViewController.swift; sourceTree = "<group>"; };
		5DAC50D9253DF01400F788BA /* Base */ = {isa = PBXFileReference; lastKnownFileType = file.storyboard; name = Base; path = Base.lproj/Main.storyboard; sourceTree = "<group>"; };
		5DAC50DB253DF01600F788BA /* Assets.xcassets */ = {isa = PBXFileReference; lastKnownFileType = folder.assetcatalog; path = Assets.xcassets; sourceTree = "<group>"; };
		5DAC50DE253DF01600F788BA /* Base */ = {isa = PBXFileReference; lastKnownFileType = file.storyboard; name = Base; path = Base.lproj/LaunchScreen.storyboard; sourceTree = "<group>"; };
		5DAC50E0253DF01600F788BA /* Info.plist */ = {isa = PBXFileReference; lastKnownFileType = text.plist.xml; path = Info.plist; sourceTree = "<group>"; };
		5DAC50E5253DF01600F788BA /* SoccerNoteAppTests.xctest */ = {isa = PBXFileReference; explicitFileType = wrapper.cfbundle; includeInIndex = 0; path = SoccerNoteAppTests.xctest; sourceTree = BUILT_PRODUCTS_DIR; };
		5DAC50E9253DF01600F788BA /* SoccerNoteAppTests.swift */ = {isa = PBXFileReference; lastKnownFileType = sourcecode.swift; path = SoccerNoteAppTests.swift; sourceTree = "<group>"; };
		5DAC50EB253DF01600F788BA /* Info.plist */ = {isa = PBXFileReference; lastKnownFileType = text.plist.xml; path = Info.plist; sourceTree = "<group>"; };
		5DAC50F0253DF01600F788BA /* SoccerNoteAppUITests.xctest */ = {isa = PBXFileReference; explicitFileType = wrapper.cfbundle; includeInIndex = 0; path = SoccerNoteAppUITests.xctest; sourceTree = BUILT_PRODUCTS_DIR; };
		5DAC50F4253DF01600F788BA /* SoccerNoteAppUITests.swift */ = {isa = PBXFileReference; lastKnownFileType = sourcecode.swift; path = SoccerNoteAppUITests.swift; sourceTree = "<group>"; };
		5DAC50F6253DF01600F788BA /* Info.plist */ = {isa = PBXFileReference; lastKnownFileType = text.plist.xml; path = Info.plist; sourceTree = "<group>"; };
		5DEB73B5255FA1A900FD06E3 /* GameRegisterViewController.swift */ = {isa = PBXFileReference; lastKnownFileType = sourcecode.swift; path = GameRegisterViewController.swift; sourceTree = "<group>"; };
		8638536FE9BFCBFCEEE6EB00 /* Pods-SoccerNoteApp.debug.xcconfig */ = {isa = PBXFileReference; includeInIndex = 1; lastKnownFileType = text.xcconfig; name = "Pods-SoccerNoteApp.debug.xcconfig"; path = "Target Support Files/Pods-SoccerNoteApp/Pods-SoccerNoteApp.debug.xcconfig"; sourceTree = "<group>"; };
		BA673359A16D73500144469D /* Pods-SoccerNoteAppTests.release.xcconfig */ = {isa = PBXFileReference; includeInIndex = 1; lastKnownFileType = text.xcconfig; name = "Pods-SoccerNoteAppTests.release.xcconfig"; path = "Target Support Files/Pods-SoccerNoteAppTests/Pods-SoccerNoteAppTests.release.xcconfig"; sourceTree = "<group>"; };
		BF3D223E0E2FB07140786953 /* Pods_SoccerNoteAppTests.framework */ = {isa = PBXFileReference; explicitFileType = wrapper.framework; includeInIndex = 0; path = Pods_SoccerNoteAppTests.framework; sourceTree = BUILT_PRODUCTS_DIR; };
		D5F2C67FE05F3FA2D5317F1C /* Pods-SoccerNoteApp.release.xcconfig */ = {isa = PBXFileReference; includeInIndex = 1; lastKnownFileType = text.xcconfig; name = "Pods-SoccerNoteApp.release.xcconfig"; path = "Target Support Files/Pods-SoccerNoteApp/Pods-SoccerNoteApp.release.xcconfig"; sourceTree = "<group>"; };
		EB1D48FC99ECD2AD6F3E59D0 /* Pods_SoccerNoteApp.framework */ = {isa = PBXFileReference; explicitFileType = wrapper.framework; includeInIndex = 0; path = Pods_SoccerNoteApp.framework; sourceTree = BUILT_PRODUCTS_DIR; };
		F5542C3DA6C179FD12882A6C /* Pods-SoccerNoteApp-SoccerNoteAppUITests.release.xcconfig */ = {isa = PBXFileReference; includeInIndex = 1; lastKnownFileType = text.xcconfig; name = "Pods-SoccerNoteApp-SoccerNoteAppUITests.release.xcconfig"; path = "Target Support Files/Pods-SoccerNoteApp-SoccerNoteAppUITests/Pods-SoccerNoteApp-SoccerNoteAppUITests.release.xcconfig"; sourceTree = "<group>"; };
/* End PBXFileReference section */

/* Begin PBXFrameworksBuildPhase section */
		5DAC50CC253DF01400F788BA /* Frameworks */ = {
			isa = PBXFrameworksBuildPhase;
			buildActionMask = 2147483647;
			files = (
				88B4CD97EF5C5CA0733D80D3 /* Pods_SoccerNoteApp.framework in Frameworks */,
			);
			runOnlyForDeploymentPostprocessing = 0;
		};
		5DAC50E2253DF01600F788BA /* Frameworks */ = {
			isa = PBXFrameworksBuildPhase;
			buildActionMask = 2147483647;
			files = (
				18ABFFE72E8854D7D84ECA12 /* Pods_SoccerNoteAppTests.framework in Frameworks */,
			);
			runOnlyForDeploymentPostprocessing = 0;
		};
		5DAC50ED253DF01600F788BA /* Frameworks */ = {
			isa = PBXFrameworksBuildPhase;
			buildActionMask = 2147483647;
			files = (
				D4A1AB5059EFDED3C1CD37D2 /* Pods_SoccerNoteApp_SoccerNoteAppUITests.framework in Frameworks */,
			);
			runOnlyForDeploymentPostprocessing = 0;
		};
/* End PBXFrameworksBuildPhase section */

/* Begin PBXGroup section */
		333DD8FE221CF6126FEFEAFE /* Frameworks */ = {
			isa = PBXGroup;
			children = (
				EB1D48FC99ECD2AD6F3E59D0 /* Pods_SoccerNoteApp.framework */,
				492B97FBBAFC7EFFC420BBA4 /* Pods_SoccerNoteApp_SoccerNoteAppUITests.framework */,
				BF3D223E0E2FB07140786953 /* Pods_SoccerNoteAppTests.framework */,
			);
			name = Frameworks;
			sourceTree = "<group>";
		};
		5DAC50C6253DF01400F788BA = {
			isa = PBXGroup;
			children = (
				5DAC50D1253DF01400F788BA /* SoccerNoteApp */,
				5DAC50E8253DF01600F788BA /* SoccerNoteAppTests */,
				5DAC50F3253DF01600F788BA /* SoccerNoteAppUITests */,
				5DAC50D0253DF01400F788BA /* Products */,
				9E8B5C3BD3A99408ACE6DAA2 /* Pods */,
				333DD8FE221CF6126FEFEAFE /* Frameworks */,
			);
			sourceTree = "<group>";
		};
		5DAC50D0253DF01400F788BA /* Products */ = {
			isa = PBXGroup;
			children = (
				5DAC50CF253DF01400F788BA /* SoccerNoteApp.app */,
				5DAC50E5253DF01600F788BA /* SoccerNoteAppTests.xctest */,
				5DAC50F0253DF01600F788BA /* SoccerNoteAppUITests.xctest */,
			);
			name = Products;
			sourceTree = "<group>";
		};
		5DAC50D1253DF01400F788BA /* SoccerNoteApp */ = {
			isa = PBXGroup;
			children = (
				5DAC50D2253DF01400F788BA /* AppDelegate.swift */,
				5DAC50D4253DF01400F788BA /* SceneDelegate.swift */,
				5DAC50D6253DF01400F788BA /* ViewController.swift */,
				5D14B37525565ADB002CA3D4 /* GameManagementTableViewCell.swift */,
				5D18C04425691DDA00FE56AF /* GameManagementTableViewCell.xib */,
				5D14B370255659FA002CA3D4 /* GameManagementViewController.swift */,
				5DEB73B5255FA1A900FD06E3 /* GameRegisterViewController.swift */,
				5DA8B4022579590A00E02818 /* GameEditViewController.swift */,
				5DAC50D8253DF01400F788BA /* Main.storyboard */,
				5DAC50DB253DF01600F788BA /* Assets.xcassets */,
				5DAC50DD253DF01600F788BA /* LaunchScreen.storyboard */,
				5DAC50E0253DF01600F788BA /* Info.plist */,
			);
			path = SoccerNoteApp;
			sourceTree = "<group>";
		};
		5DAC50E8253DF01600F788BA /* SoccerNoteAppTests */ = {
			isa = PBXGroup;
			children = (
				5DAC50E9253DF01600F788BA /* SoccerNoteAppTests.swift */,
				5DAC50EB253DF01600F788BA /* Info.plist */,
			);
			path = SoccerNoteAppTests;
			sourceTree = "<group>";
		};
		5DAC50F3253DF01600F788BA /* SoccerNoteAppUITests */ = {
			isa = PBXGroup;
			children = (
				5DAC50F4253DF01600F788BA /* SoccerNoteAppUITests.swift */,
				5DAC50F6253DF01600F788BA /* Info.plist */,
			);
			path = SoccerNoteAppUITests;
			sourceTree = "<group>";
		};
		9E8B5C3BD3A99408ACE6DAA2 /* Pods */ = {
			isa = PBXGroup;
			children = (
				8638536FE9BFCBFCEEE6EB00 /* Pods-SoccerNoteApp.debug.xcconfig */,
				D5F2C67FE05F3FA2D5317F1C /* Pods-SoccerNoteApp.release.xcconfig */,
				5269FAAE9731CADC327C1A6E /* Pods-SoccerNoteApp-SoccerNoteAppUITests.debug.xcconfig */,
				F5542C3DA6C179FD12882A6C /* Pods-SoccerNoteApp-SoccerNoteAppUITests.release.xcconfig */,
				115F135CA71328672A592ED8 /* Pods-SoccerNoteAppTests.debug.xcconfig */,
				BA673359A16D73500144469D /* Pods-SoccerNoteAppTests.release.xcconfig */,
			);
			path = Pods;
			sourceTree = "<group>";
		};
/* End PBXGroup section */

/* Begin PBXNativeTarget section */
		5DAC50CE253DF01400F788BA /* SoccerNoteApp */ = {
			isa = PBXNativeTarget;
			buildConfigurationList = 5DAC50F9253DF01600F788BA /* Build configuration list for PBXNativeTarget "SoccerNoteApp" */;
			buildPhases = (
				F5BAE27E8BBE545D62D4ACAC /* [CP] Check Pods Manifest.lock */,
				5DAC50CB253DF01400F788BA /* Sources */,
				5DAC50CC253DF01400F788BA /* Frameworks */,
				5DAC50CD253DF01400F788BA /* Resources */,
				5A265AB08BF8D3DFBF55E108 /* [CP] Embed Pods Frameworks */,
			);
			buildRules = (
			);
			dependencies = (
			);
			name = SoccerNoteApp;
			productName = SoccerNoteApp;
			productReference = 5DAC50CF253DF01400F788BA /* SoccerNoteApp.app */;
			productType = "com.apple.product-type.application";
		};
		5DAC50E4253DF01600F788BA /* SoccerNoteAppTests */ = {
			isa = PBXNativeTarget;
			buildConfigurationList = 5DAC50FC253DF01600F788BA /* Build configuration list for PBXNativeTarget "SoccerNoteAppTests" */;
			buildPhases = (
				3454FB34932C59F252A62C82 /* [CP] Check Pods Manifest.lock */,
				5DAC50E1253DF01600F788BA /* Sources */,
				5DAC50E2253DF01600F788BA /* Frameworks */,
				5DAC50E3253DF01600F788BA /* Resources */,
			);
			buildRules = (
			);
			dependencies = (
				5DAC50E7253DF01600F788BA /* PBXTargetDependency */,
			);
			name = SoccerNoteAppTests;
			productName = SoccerNoteAppTests;
			productReference = 5DAC50E5253DF01600F788BA /* SoccerNoteAppTests.xctest */;
			productType = "com.apple.product-type.bundle.unit-test";
		};
		5DAC50EF253DF01600F788BA /* SoccerNoteAppUITests */ = {
			isa = PBXNativeTarget;
			buildConfigurationList = 5DAC50FF253DF01600F788BA /* Build configuration list for PBXNativeTarget "SoccerNoteAppUITests" */;
			buildPhases = (
				BC8A7767EDA3429381155C2F /* [CP] Check Pods Manifest.lock */,
				5DAC50EC253DF01600F788BA /* Sources */,
				5DAC50ED253DF01600F788BA /* Frameworks */,
				5DAC50EE253DF01600F788BA /* Resources */,
				E04238407FA67C337B6649AE /* [CP] Embed Pods Frameworks */,
			);
			buildRules = (
			);
			dependencies = (
				5DAC50F2253DF01600F788BA /* PBXTargetDependency */,
			);
			name = SoccerNoteAppUITests;
			productName = SoccerNoteAppUITests;
			productReference = 5DAC50F0253DF01600F788BA /* SoccerNoteAppUITests.xctest */;
			productType = "com.apple.product-type.bundle.ui-testing";
		};
/* End PBXNativeTarget section */

/* Begin PBXProject section */
		5DAC50C7253DF01400F788BA /* Project object */ = {
			isa = PBXProject;
			attributes = {
				LastSwiftUpdateCheck = 1200;
				LastUpgradeCheck = 1200;
				TargetAttributes = {
					5DAC50CE253DF01400F788BA = {
						CreatedOnToolsVersion = 12.0.1;
					};
					5DAC50E4253DF01600F788BA = {
						CreatedOnToolsVersion = 12.0.1;
						TestTargetID = 5DAC50CE253DF01400F788BA;
					};
					5DAC50EF253DF01600F788BA = {
						CreatedOnToolsVersion = 12.0.1;
						TestTargetID = 5DAC50CE253DF01400F788BA;
					};
				};
			};
			buildConfigurationList = 5DAC50CA253DF01400F788BA /* Build configuration list for PBXProject "SoccerNoteApp" */;
			compatibilityVersion = "Xcode 9.3";
			developmentRegion = en;
			hasScannedForEncodings = 0;
			knownRegions = (
				en,
				Base,
			);
			mainGroup = 5DAC50C6253DF01400F788BA;
			productRefGroup = 5DAC50D0253DF01400F788BA /* Products */;
			projectDirPath = "";
			projectRoot = "";
			targets = (
				5DAC50CE253DF01400F788BA /* SoccerNoteApp */,
				5DAC50E4253DF01600F788BA /* SoccerNoteAppTests */,
				5DAC50EF253DF01600F788BA /* SoccerNoteAppUITests */,
			);
		};
/* End PBXProject section */

/* Begin PBXResourcesBuildPhase section */
		5DAC50CD253DF01400F788BA /* Resources */ = {
			isa = PBXResourcesBuildPhase;
			buildActionMask = 2147483647;
			files = (
				5DAC50DF253DF01600F788BA /* LaunchScreen.storyboard in Resources */,
				5DAC50DC253DF01600F788BA /* Assets.xcassets in Resources */,
				5D18C04525691DDA00FE56AF /* GameManagementTableViewCell.xib in Resources */,
				5DAC50DA253DF01400F788BA /* Main.storyboard in Resources */,
			);
			runOnlyForDeploymentPostprocessing = 0;
		};
		5DAC50E3253DF01600F788BA /* Resources */ = {
			isa = PBXResourcesBuildPhase;
			buildActionMask = 2147483647;
			files = (
			);
			runOnlyForDeploymentPostprocessing = 0;
		};
		5DAC50EE253DF01600F788BA /* Resources */ = {
			isa = PBXResourcesBuildPhase;
			buildActionMask = 2147483647;
			files = (
			);
			runOnlyForDeploymentPostprocessing = 0;
		};
/* End PBXResourcesBuildPhase section */

/* Begin PBXShellScriptBuildPhase section */
		3454FB34932C59F252A62C82 /* [CP] Check Pods Manifest.lock */ = {
			isa = PBXShellScriptBuildPhase;
			buildActionMask = 2147483647;
			files = (
			);
			inputFileListPaths = (
			);
			inputPaths = (
				"${PODS_PODFILE_DIR_PATH}/Podfile.lock",
				"${PODS_ROOT}/Manifest.lock",
			);
			name = "[CP] Check Pods Manifest.lock";
			outputFileListPaths = (
			);
			outputPaths = (
				"$(DERIVED_FILE_DIR)/Pods-SoccerNoteAppTests-checkManifestLockResult.txt",
			);
			runOnlyForDeploymentPostprocessing = 0;
			shellPath = /bin/sh;
			shellScript = "diff \"${PODS_PODFILE_DIR_PATH}/Podfile.lock\" \"${PODS_ROOT}/Manifest.lock\" > /dev/null\nif [ $? != 0 ] ; then\n    # print error to STDERR\n    echo \"error: The sandbox is not in sync with the Podfile.lock. Run 'pod install' or update your CocoaPods installation.\" >&2\n    exit 1\nfi\n# This output is used by Xcode 'outputs' to avoid re-running this script phase.\necho \"SUCCESS\" > \"${SCRIPT_OUTPUT_FILE_0}\"\n";
			showEnvVarsInLog = 0;
		};
		5A265AB08BF8D3DFBF55E108 /* [CP] Embed Pods Frameworks */ = {
			isa = PBXShellScriptBuildPhase;
			buildActionMask = 2147483647;
			files = (
			);
			inputFileListPaths = (
				"${PODS_ROOT}/Target Support Files/Pods-SoccerNoteApp/Pods-SoccerNoteApp-frameworks-${CONFIGURATION}-input-files.xcfilelist",
			);
			name = "[CP] Embed Pods Frameworks";
			outputFileListPaths = (
				"${PODS_ROOT}/Target Support Files/Pods-SoccerNoteApp/Pods-SoccerNoteApp-frameworks-${CONFIGURATION}-output-files.xcfilelist",
			);
			runOnlyForDeploymentPostprocessing = 0;
			shellPath = /bin/sh;
			shellScript = "\"${PODS_ROOT}/Target Support Files/Pods-SoccerNoteApp/Pods-SoccerNoteApp-frameworks.sh\"\n";
			showEnvVarsInLog = 0;
		};
		BC8A7767EDA3429381155C2F /* [CP] Check Pods Manifest.lock */ = {
			isa = PBXShellScriptBuildPhase;
			buildActionMask = 2147483647;
			files = (
			);
			inputFileListPaths = (
			);
			inputPaths = (
				"${PODS_PODFILE_DIR_PATH}/Podfile.lock",
				"${PODS_ROOT}/Manifest.lock",
			);
			name = "[CP] Check Pods Manifest.lock";
			outputFileListPaths = (
			);
			outputPaths = (
				"$(DERIVED_FILE_DIR)/Pods-SoccerNoteApp-SoccerNoteAppUITests-checkManifestLockResult.txt",
			);
			runOnlyForDeploymentPostprocessing = 0;
			shellPath = /bin/sh;
			shellScript = "diff \"${PODS_PODFILE_DIR_PATH}/Podfile.lock\" \"${PODS_ROOT}/Manifest.lock\" > /dev/null\nif [ $? != 0 ] ; then\n    # print error to STDERR\n    echo \"error: The sandbox is not in sync with the Podfile.lock. Run 'pod install' or update your CocoaPods installation.\" >&2\n    exit 1\nfi\n# This output is used by Xcode 'outputs' to avoid re-running this script phase.\necho \"SUCCESS\" > \"${SCRIPT_OUTPUT_FILE_0}\"\n";
			showEnvVarsInLog = 0;
		};
		E04238407FA67C337B6649AE /* [CP] Embed Pods Frameworks */ = {
			isa = PBXShellScriptBuildPhase;
			buildActionMask = 2147483647;
			files = (
			);
			inputFileListPaths = (
				"${PODS_ROOT}/Target Support Files/Pods-SoccerNoteApp-SoccerNoteAppUITests/Pods-SoccerNoteApp-SoccerNoteAppUITests-frameworks-${CONFIGURATION}-input-files.xcfilelist",
			);
			name = "[CP] Embed Pods Frameworks";
			outputFileListPaths = (
				"${PODS_ROOT}/Target Support Files/Pods-SoccerNoteApp-SoccerNoteAppUITests/Pods-SoccerNoteApp-SoccerNoteAppUITests-frameworks-${CONFIGURATION}-output-files.xcfilelist",
			);
			runOnlyForDeploymentPostprocessing = 0;
			shellPath = /bin/sh;
			shellScript = "\"${PODS_ROOT}/Target Support Files/Pods-SoccerNoteApp-SoccerNoteAppUITests/Pods-SoccerNoteApp-SoccerNoteAppUITests-frameworks.sh\"\n";
			showEnvVarsInLog = 0;
		};
		F5BAE27E8BBE545D62D4ACAC /* [CP] Check Pods Manifest.lock */ = {
			isa = PBXShellScriptBuildPhase;
			buildActionMask = 2147483647;
			files = (
			);
			inputFileListPaths = (
			);
			inputPaths = (
				"${PODS_PODFILE_DIR_PATH}/Podfile.lock",
				"${PODS_ROOT}/Manifest.lock",
			);
			name = "[CP] Check Pods Manifest.lock";
			outputFileListPaths = (
			);
			outputPaths = (
				"$(DERIVED_FILE_DIR)/Pods-SoccerNoteApp-checkManifestLockResult.txt",
			);
			runOnlyForDeploymentPostprocessing = 0;
			shellPath = /bin/sh;
			shellScript = "diff \"${PODS_PODFILE_DIR_PATH}/Podfile.lock\" \"${PODS_ROOT}/Manifest.lock\" > /dev/null\nif [ $? != 0 ] ; then\n    # print error to STDERR\n    echo \"error: The sandbox is not in sync with the Podfile.lock. Run 'pod install' or update your CocoaPods installation.\" >&2\n    exit 1\nfi\n# This output is used by Xcode 'outputs' to avoid re-running this script phase.\necho \"SUCCESS\" > \"${SCRIPT_OUTPUT_FILE_0}\"\n";
			showEnvVarsInLog = 0;
		};
/* End PBXShellScriptBuildPhase section */

/* Begin PBXSourcesBuildPhase section */
		5DAC50CB253DF01400F788BA /* Sources */ = {
			isa = PBXSourcesBuildPhase;
			buildActionMask = 2147483647;
			files = (
				5DAC50D7253DF01400F788BA /* ViewController.swift in Sources */,
				5DAC50D3253DF01400F788BA /* AppDelegate.swift in Sources */,
				5D14B37625565ADB002CA3D4 /* GameManagementTableViewCell.swift in Sources */,
				5DAC50D5253DF01400F788BA /* SceneDelegate.swift in Sources */,
				5DEB73B6255FA1A900FD06E3 /* GameRegisterViewController.swift in Sources */,
				5D14B371255659FA002CA3D4 /* GameManagementViewController.swift in Sources */,
				5DA8B4032579590A00E02818 /* GameEditViewController.swift in Sources */,
			);
			runOnlyForDeploymentPostprocessing = 0;
		};
		5DAC50E1253DF01600F788BA /* Sources */ = {
			isa = PBXSourcesBuildPhase;
			buildActionMask = 2147483647;
			files = (
				5DAC50EA253DF01600F788BA /* SoccerNoteAppTests.swift in Sources */,
			);
			runOnlyForDeploymentPostprocessing = 0;
		};
		5DAC50EC253DF01600F788BA /* Sources */ = {
			isa = PBXSourcesBuildPhase;
			buildActionMask = 2147483647;
			files = (
				5DAC50F5253DF01600F788BA /* SoccerNoteAppUITests.swift in Sources */,
			);
			runOnlyForDeploymentPostprocessing = 0;
		};
/* End PBXSourcesBuildPhase section */

/* Begin PBXTargetDependency section */
		5DAC50E7253DF01600F788BA /* PBXTargetDependency */ = {
			isa = PBXTargetDependency;
			target = 5DAC50CE253DF01400F788BA /* SoccerNoteApp */;
			targetProxy = 5DAC50E6253DF01600F788BA /* PBXContainerItemProxy */;
		};
		5DAC50F2253DF01600F788BA /* PBXTargetDependency */ = {
			isa = PBXTargetDependency;
			target = 5DAC50CE253DF01400F788BA /* SoccerNoteApp */;
			targetProxy = 5DAC50F1253DF01600F788BA /* PBXContainerItemProxy */;
		};
/* End PBXTargetDependency section */

/* Begin PBXVariantGroup section */
		5DAC50D8253DF01400F788BA /* Main.storyboard */ = {
			isa = PBXVariantGroup;
			children = (
				5DAC50D9253DF01400F788BA /* Base */,
			);
			name = Main.storyboard;
			sourceTree = "<group>";
		};
		5DAC50DD253DF01600F788BA /* LaunchScreen.storyboard */ = {
			isa = PBXVariantGroup;
			children = (
				5DAC50DE253DF01600F788BA /* Base */,
			);
			name = LaunchScreen.storyboard;
			sourceTree = "<group>";
		};
/* End PBXVariantGroup section */

/* Begin XCBuildConfiguration section */
		5DAC50F7253DF01600F788BA /* Debug */ = {
			isa = XCBuildConfiguration;
			buildSettings = {
				ALWAYS_SEARCH_USER_PATHS = NO;
				CLANG_ANALYZER_NONNULL = YES;
				CLANG_ANALYZER_NUMBER_OBJECT_CONVERSION = YES_AGGRESSIVE;
				CLANG_CXX_LANGUAGE_STANDARD = "gnu++14";
				CLANG_CXX_LIBRARY = "libc++";
				CLANG_ENABLE_MODULES = YES;
				CLANG_ENABLE_OBJC_ARC = YES;
				CLANG_ENABLE_OBJC_WEAK = YES;
				CLANG_WARN_BLOCK_CAPTURE_AUTORELEASING = YES;
				CLANG_WARN_BOOL_CONVERSION = YES;
				CLANG_WARN_COMMA = YES;
				CLANG_WARN_CONSTANT_CONVERSION = YES;
				CLANG_WARN_DEPRECATED_OBJC_IMPLEMENTATIONS = YES;
				CLANG_WARN_DIRECT_OBJC_ISA_USAGE = YES_ERROR;
				CLANG_WARN_DOCUMENTATION_COMMENTS = YES;
				CLANG_WARN_EMPTY_BODY = YES;
				CLANG_WARN_ENUM_CONVERSION = YES;
				CLANG_WARN_INFINITE_RECURSION = YES;
				CLANG_WARN_INT_CONVERSION = YES;
				CLANG_WARN_NON_LITERAL_NULL_CONVERSION = YES;
				CLANG_WARN_OBJC_IMPLICIT_RETAIN_SELF = YES;
				CLANG_WARN_OBJC_LITERAL_CONVERSION = YES;
				CLANG_WARN_OBJC_ROOT_CLASS = YES_ERROR;
				CLANG_WARN_QUOTED_INCLUDE_IN_FRAMEWORK_HEADER = YES;
				CLANG_WARN_RANGE_LOOP_ANALYSIS = YES;
				CLANG_WARN_STRICT_PROTOTYPES = YES;
				CLANG_WARN_SUSPICIOUS_MOVE = YES;
				CLANG_WARN_UNGUARDED_AVAILABILITY = YES_AGGRESSIVE;
				CLANG_WARN_UNREACHABLE_CODE = YES;
				CLANG_WARN__DUPLICATE_METHOD_MATCH = YES;
				COPY_PHASE_STRIP = NO;
				DEBUG_INFORMATION_FORMAT = dwarf;
				ENABLE_STRICT_OBJC_MSGSEND = YES;
				ENABLE_TESTABILITY = YES;
				GCC_C_LANGUAGE_STANDARD = gnu11;
				GCC_DYNAMIC_NO_PIC = NO;
				GCC_NO_COMMON_BLOCKS = YES;
				GCC_OPTIMIZATION_LEVEL = 0;
				GCC_PREPROCESSOR_DEFINITIONS = (
					"DEBUG=1",
					"$(inherited)",
				);
				GCC_WARN_64_TO_32_BIT_CONVERSION = YES;
				GCC_WARN_ABOUT_RETURN_TYPE = YES_ERROR;
				GCC_WARN_UNDECLARED_SELECTOR = YES;
				GCC_WARN_UNINITIALIZED_AUTOS = YES_AGGRESSIVE;
				GCC_WARN_UNUSED_FUNCTION = YES;
				GCC_WARN_UNUSED_VARIABLE = YES;
				IPHONEOS_DEPLOYMENT_TARGET = 14.0;
				MTL_ENABLE_DEBUG_INFO = INCLUDE_SOURCE;
				MTL_FAST_MATH = YES;
				ONLY_ACTIVE_ARCH = YES;
				SDKROOT = iphoneos;
				SWIFT_ACTIVE_COMPILATION_CONDITIONS = DEBUG;
				SWIFT_OPTIMIZATION_LEVEL = "-Onone";
			};
			name = Debug;
		};
		5DAC50F8253DF01600F788BA /* Release */ = {
			isa = XCBuildConfiguration;
			buildSettings = {
				ALWAYS_SEARCH_USER_PATHS = NO;
				CLANG_ANALYZER_NONNULL = YES;
				CLANG_ANALYZER_NUMBER_OBJECT_CONVERSION = YES_AGGRESSIVE;
				CLANG_CXX_LANGUAGE_STANDARD = "gnu++14";
				CLANG_CXX_LIBRARY = "libc++";
				CLANG_ENABLE_MODULES = YES;
				CLANG_ENABLE_OBJC_ARC = YES;
				CLANG_ENABLE_OBJC_WEAK = YES;
				CLANG_WARN_BLOCK_CAPTURE_AUTORELEASING = YES;
				CLANG_WARN_BOOL_CONVERSION = YES;
				CLANG_WARN_COMMA = YES;
				CLANG_WARN_CONSTANT_CONVERSION = YES;
				CLANG_WARN_DEPRECATED_OBJC_IMPLEMENTATIONS = YES;
				CLANG_WARN_DIRECT_OBJC_ISA_USAGE = YES_ERROR;
				CLANG_WARN_DOCUMENTATION_COMMENTS = YES;
				CLANG_WARN_EMPTY_BODY = YES;
				CLANG_WARN_ENUM_CONVERSION = YES;
				CLANG_WARN_INFINITE_RECURSION = YES;
				CLANG_WARN_INT_CONVERSION = YES;
				CLANG_WARN_NON_LITERAL_NULL_CONVERSION = YES;
				CLANG_WARN_OBJC_IMPLICIT_RETAIN_SELF = YES;
				CLANG_WARN_OBJC_LITERAL_CONVERSION = YES;
				CLANG_WARN_OBJC_ROOT_CLASS = YES_ERROR;
				CLANG_WARN_QUOTED_INCLUDE_IN_FRAMEWORK_HEADER = YES;
				CLANG_WARN_RANGE_LOOP_ANALYSIS = YES;
				CLANG_WARN_STRICT_PROTOTYPES = YES;
				CLANG_WARN_SUSPICIOUS_MOVE = YES;
				CLANG_WARN_UNGUARDED_AVAILABILITY = YES_AGGRESSIVE;
				CLANG_WARN_UNREACHABLE_CODE = YES;
				CLANG_WARN__DUPLICATE_METHOD_MATCH = YES;
				COPY_PHASE_STRIP = NO;
				DEBUG_INFORMATION_FORMAT = "dwarf-with-dsym";
				ENABLE_NS_ASSERTIONS = NO;
				ENABLE_STRICT_OBJC_MSGSEND = YES;
				GCC_C_LANGUAGE_STANDARD = gnu11;
				GCC_NO_COMMON_BLOCKS = YES;
				GCC_WARN_64_TO_32_BIT_CONVERSION = YES;
				GCC_WARN_ABOUT_RETURN_TYPE = YES_ERROR;
				GCC_WARN_UNDECLARED_SELECTOR = YES;
				GCC_WARN_UNINITIALIZED_AUTOS = YES_AGGRESSIVE;
				GCC_WARN_UNUSED_FUNCTION = YES;
				GCC_WARN_UNUSED_VARIABLE = YES;
				IPHONEOS_DEPLOYMENT_TARGET = 14.0;
				MTL_ENABLE_DEBUG_INFO = NO;
				MTL_FAST_MATH = YES;
				SDKROOT = iphoneos;
				SWIFT_COMPILATION_MODE = wholemodule;
				SWIFT_OPTIMIZATION_LEVEL = "-O";
				VALIDATE_PRODUCT = YES;
			};
			name = Release;
		};
		5DAC50FA253DF01600F788BA /* Debug */ = {
			isa = XCBuildConfiguration;
			baseConfigurationReference = 8638536FE9BFCBFCEEE6EB00 /* Pods-SoccerNoteApp.debug.xcconfig */;
			buildSettings = {
				ASSETCATALOG_COMPILER_APPICON_NAME = AppIcon;
				ASSETCATALOG_COMPILER_GLOBAL_ACCENT_COLOR_NAME = AccentColor;
				CODE_SIGN_STYLE = Automatic;
				DEVELOPMENT_TEAM = 9D8F75Z999;
				INFOPLIST_FILE = SoccerNoteApp/Info.plist;
				IPHONEOS_DEPLOYMENT_TARGET = 13.0;
				LD_RUNPATH_SEARCH_PATHS = (
					"$(inherited)",
					"@executable_path/Frameworks",
				);
				PRODUCT_BUNDLE_IDENTIFIER = com.hidec.SoccerNoteApp;
				PRODUCT_NAME = "$(TARGET_NAME)";
				SWIFT_VERSION = 5.0;
				TARGETED_DEVICE_FAMILY = "1,2";
			};
			name = Debug;
		};
		5DAC50FB253DF01600F788BA /* Release */ = {
			isa = XCBuildConfiguration;
			baseConfigurationReference = D5F2C67FE05F3FA2D5317F1C /* Pods-SoccerNoteApp.release.xcconfig */;
			buildSettings = {
				ASSETCATALOG_COMPILER_APPICON_NAME = AppIcon;
				ASSETCATALOG_COMPILER_GLOBAL_ACCENT_COLOR_NAME = AccentColor;
				CODE_SIGN_STYLE = Automatic;
				DEVELOPMENT_TEAM = 9D8F75Z999;
				INFOPLIST_FILE = SoccerNoteApp/Info.plist;
				IPHONEOS_DEPLOYMENT_TARGET = 13.0;
				LD_RUNPATH_SEARCH_PATHS = (
					"$(inherited)",
					"@executable_path/Frameworks",
				);
				PRODUCT_BUNDLE_IDENTIFIER = com.hidec.SoccerNoteApp;
				PRODUCT_NAME = "$(TARGET_NAME)";
				SWIFT_VERSION = 5.0;
				TARGETED_DEVICE_FAMILY = "1,2";
			};
			name = Release;
		};
		5DAC50FD253DF01600F788BA /* Debug */ = {
			isa = XCBuildConfiguration;
			baseConfigurationReference = 115F135CA71328672A592ED8 /* Pods-SoccerNoteAppTests.debug.xcconfig */;
			buildSettings = {
				ALWAYS_EMBED_SWIFT_STANDARD_LIBRARIES = YES;
				BUNDLE_LOADER = "$(TEST_HOST)";
				CODE_SIGN_STYLE = Automatic;
				DEVELOPMENT_TEAM = 9D8F75Z999;
				INFOPLIST_FILE = SoccerNoteAppTests/Info.plist;
				IPHONEOS_DEPLOYMENT_TARGET = 14.0;
				LD_RUNPATH_SEARCH_PATHS = (
					"$(inherited)",
					"@executable_path/Frameworks",
					"@loader_path/Frameworks",
				);
				PRODUCT_BUNDLE_IDENTIFIER = com.hidec.SoccerNoteAppTests;
				PRODUCT_NAME = "$(TARGET_NAME)";
				SWIFT_VERSION = 5.0;
				TARGETED_DEVICE_FAMILY = "1,2";
				TEST_HOST = "$(BUILT_PRODUCTS_DIR)/SoccerNoteApp.app/SoccerNoteApp";
			};
			name = Debug;
		};
		5DAC50FE253DF01600F788BA /* Release */ = {
			isa = XCBuildConfiguration;
			baseConfigurationReference = BA673359A16D73500144469D /* Pods-SoccerNoteAppTests.release.xcconfig */;
			buildSettings = {
				ALWAYS_EMBED_SWIFT_STANDARD_LIBRARIES = YES;
				BUNDLE_LOADER = "$(TEST_HOST)";
				CODE_SIGN_STYLE = Automatic;
				DEVELOPMENT_TEAM = 9D8F75Z999;
				INFOPLIST_FILE = SoccerNoteAppTests/Info.plist;
				IPHONEOS_DEPLOYMENT_TARGET = 14.0;
				LD_RUNPATH_SEARCH_PATHS = (
					"$(inherited)",
					"@executable_path/Frameworks",
					"@loader_path/Frameworks",
				);
				PRODUCT_BUNDLE_IDENTIFIER = com.hidec.SoccerNoteAppTests;
				PRODUCT_NAME = "$(TARGET_NAME)";
				SWIFT_VERSION = 5.0;
				TARGETED_DEVICE_FAMILY = "1,2";
				TEST_HOST = "$(BUILT_PRODUCTS_DIR)/SoccerNoteApp.app/SoccerNoteApp";
			};
			name = Release;
		};
		5DAC5100253DF01600F788BA /* Debug */ = {
			isa = XCBuildConfiguration;
			baseConfigurationReference = 5269FAAE9731CADC327C1A6E /* Pods-SoccerNoteApp-SoccerNoteAppUITests.debug.xcconfig */;
			buildSettings = {
				ALWAYS_EMBED_SWIFT_STANDARD_LIBRARIES = YES;
				CODE_SIGN_STYLE = Automatic;
				DEVELOPMENT_TEAM = 9D8F75Z999;
				INFOPLIST_FILE = SoccerNoteAppUITests/Info.plist;
				LD_RUNPATH_SEARCH_PATHS = (
					"$(inherited)",
					"@executable_path/Frameworks",
					"@loader_path/Frameworks",
				);
				PRODUCT_BUNDLE_IDENTIFIER = com.hidec.SoccerNoteAppUITests;
				PRODUCT_NAME = "$(TARGET_NAME)";
				SWIFT_VERSION = 5.0;
				TARGETED_DEVICE_FAMILY = "1,2";
				TEST_TARGET_NAME = SoccerNoteApp;
			};
			name = Debug;
		};
		5DAC5101253DF01600F788BA /* Release */ = {
			isa = XCBuildConfiguration;
			baseConfigurationReference = F5542C3DA6C179FD12882A6C /* Pods-SoccerNoteApp-SoccerNoteAppUITests.release.xcconfig */;
			buildSettings = {
				ALWAYS_EMBED_SWIFT_STANDARD_LIBRARIES = YES;
				CODE_SIGN_STYLE = Automatic;
				DEVELOPMENT_TEAM = 9D8F75Z999;
				INFOPLIST_FILE = SoccerNoteAppUITests/Info.plist;
				LD_RUNPATH_SEARCH_PATHS = (
					"$(inherited)",
					"@executable_path/Frameworks",
					"@loader_path/Frameworks",
				);
				PRODUCT_BUNDLE_IDENTIFIER = com.hidec.SoccerNoteAppUITests;
				PRODUCT_NAME = "$(TARGET_NAME)";
				SWIFT_VERSION = 5.0;
				TARGETED_DEVICE_FAMILY = "1,2";
				TEST_TARGET_NAME = SoccerNoteApp;
			};
			name = Release;
		};
/* End XCBuildConfiguration section */

/* Begin XCConfigurationList section */
		5DAC50CA253DF01400F788BA /* Build configuration list for PBXProject "SoccerNoteApp" */ = {
			isa = XCConfigurationList;
			buildConfigurations = (
				5DAC50F7253DF01600F788BA /* Debug */,
				5DAC50F8253DF01600F788BA /* Release */,
			);
			defaultConfigurationIsVisible = 0;
			defaultConfigurationName = Release;
		};
		5DAC50F9253DF01600F788BA /* Build configuration list for PBXNativeTarget "SoccerNoteApp" */ = {
			isa = XCConfigurationList;
			buildConfigurations = (
				5DAC50FA253DF01600F788BA /* Debug */,
				5DAC50FB253DF01600F788BA /* Release */,
			);
			defaultConfigurationIsVisible = 0;
			defaultConfigurationName = Release;
		};
		5DAC50FC253DF01600F788BA /* Build configuration list for PBXNativeTarget "SoccerNoteAppTests" */ = {
			isa = XCConfigurationList;
			buildConfigurations = (
				5DAC50FD253DF01600F788BA /* Debug */,
				5DAC50FE253DF01600F788BA /* Release */,
			);
			defaultConfigurationIsVisible = 0;
			defaultConfigurationName = Release;
		};
		5DAC50FF253DF01600F788BA /* Build configuration list for PBXNativeTarget "SoccerNoteAppUITests" */ = {
			isa = XCConfigurationList;
			buildConfigurations = (
				5DAC5100253DF01600F788BA /* Debug */,
				5DAC5101253DF01600F788BA /* Release */,
			);
			defaultConfigurationIsVisible = 0;
			defaultConfigurationName = Release;
		};
/* End XCConfigurationList section */
	};
	rootObject = 5DAC50C7253DF01400F788BA /* Project object */;
}
